// !$*UTF8*$!
{
	archiveVersion = 1;
	classes = {
	};
	objectVersion = 46;
	objects = {

/* Begin PBXBuildFile section */
		0B90F3751C48319B00B8C6BD /* AppDelegate.swift in Sources */ = {isa = PBXBuildFile; fileRef = 0B90F3741C48319B00B8C6BD /* AppDelegate.swift */; };
		0B90F3771C48319B00B8C6BD /* FirstViewController.swift in Sources */ = {isa = PBXBuildFile; fileRef = 0B90F3761C48319B00B8C6BD /* FirstViewController.swift */; };
		0B90F3791C48319B00B8C6BD /* SecondViewController.swift in Sources */ = {isa = PBXBuildFile; fileRef = 0B90F3781C48319B00B8C6BD /* SecondViewController.swift */; };
		0B90F37C1C48319B00B8C6BD /* Main.storyboard in Resources */ = {isa = PBXBuildFile; fileRef = 0B90F37A1C48319B00B8C6BD /* Main.storyboard */; };
		0B90F37E1C48319B00B8C6BD /* Assets.xcassets in Resources */ = {isa = PBXBuildFile; fileRef = 0B90F37D1C48319B00B8C6BD /* Assets.xcassets */; };
		0B90F3811C48319B00B8C6BD /* LaunchScreen.storyboard in Resources */ = {isa = PBXBuildFile; fileRef = 0B90F37F1C48319B00B8C6BD /* LaunchScreen.storyboard */; };
		0B90F38C1C48319C00B8C6BD /* To_Do_ListTests.swift in Sources */ = {isa = PBXBuildFile; fileRef = 0B90F38B1C48319C00B8C6BD /* To_Do_ListTests.swift */; };
		0B90F3971C48319C00B8C6BD /* To_Do_ListUITests.swift in Sources */ = {isa = PBXBuildFile; fileRef = 0B90F3961C48319C00B8C6BD /* To_Do_ListUITests.swift */; };
/* End PBXBuildFile section */

/* Begin PBXContainerItemProxy section */
		0B90F3881C48319C00B8C6BD /* PBXContainerItemProxy */ = {
			isa = PBXContainerItemProxy;
			containerPortal = 0B90F3691C48319B00B8C6BD /* Project object */;
			proxyType = 1;
			remoteGlobalIDString = 0B90F3701C48319B00B8C6BD;
			remoteInfo = "To Do List";
		};
		0B90F3931C48319C00B8C6BD /* PBXContainerItemProxy */ = {
			isa = PBXContainerItemProxy;
			containerPortal = 0B90F3691C48319B00B8C6BD /* Project object */;
			proxyType = 1;
			remoteGlobalIDString = 0B90F3701C48319B00B8C6BD;
			remoteInfo = "To Do List";
		};
/* End PBXContainerItemProxy section */

/* Begin PBXFileReference section */
		0B90F3711C48319B00B8C6BD /* To Do List.app */ = {isa = PBXFileReference; explicitFileType = wrapper.application; includeInIndex = 0; path = "To Do List.app"; sourceTree = BUILT_PRODUCTS_DIR; };
		0B90F3741C48319B00B8C6BD /* AppDelegate.swift */ = {isa = PBXFileReference; lastKnownFileType = sourcecode.swift; path = AppDelegate.swift; sourceTree = "<group>"; };
		0B90F3761C48319B00B8C6BD /* FirstViewController.swift */ = {isa = PBXFileReference; lastKnownFileType = sourcecode.swift; path = FirstViewController.swift; sourceTree = "<group>"; };
		0B90F3781C48319B00B8C6BD /* SecondViewController.swift */ = {isa = PBXFileReference; lastKnownFileType = sourcecode.swift; path = SecondViewController.swift; sourceTree = "<group>"; };
		0B90F37B1C48319B00B8C6BD /* Base */ = {isa = PBXFileReference; lastKnownFileType = file.storyboard; name = Base; path = Base.lproj/Main.storyboard; sourceTree = "<group>"; };
		0B90F37D1C48319B00B8C6BD /* Assets.xcassets */ = {isa = PBXFileReference; lastKnownFileType = folder.assetcatalog; path = Assets.xcassets; sourceTree = "<group>"; };
		0B90F3801C48319B00B8C6BD /* Base */ = {isa = PBXFileReference; lastKnownFileType = file.storyboard; name = Base; path = Base.lproj/LaunchScreen.storyboard; sourceTree = "<group>"; };
		0B90F3821C48319B00B8C6BD /* Info.plist */ = {isa = PBXFileReference; lastKnownFileType = text.plist.xml; path = Info.plist; sourceTree = "<group>"; };
		0B90F3871C48319C00B8C6BD /* To Do ListTests.xctest */ = {isa = PBXFileReference; explicitFileType = wrapper.cfbundle; includeInIndex = 0; path = "To Do ListTests.xctest"; sourceTree = BUILT_PRODUCTS_DIR; };
		0B90F38B1C48319C00B8C6BD /* To_Do_ListTests.swift */ = {isa = PBXFileReference; lastKnownFileType = sourcecode.swift; path = To_Do_ListTests.swift; sourceTree = "<group>"; };
		0B90F38D1C48319C00B8C6BD /* Info.plist */ = {isa = PBXFileReference; lastKnownFileType = text.plist.xml; path = Info.plist; sourceTree = "<group>"; };
		0B90F3921C48319C00B8C6BD /* To Do ListUITests.xctest */ = {isa = PBXFileReference; explicitFileType = wrapper.cfbundle; includeInIndex = 0; path = "To Do ListUITests.xctest"; sourceTree = BUILT_PRODUCTS_DIR; };
		0B90F3961C48319C00B8C6BD /* To_Do_ListUITests.swift */ = {isa = PBXFileReference; lastKnownFileType = sourcecode.swift; path = To_Do_ListUITests.swift; sourceTree = "<group>"; };
		0B90F3981C48319C00B8C6BD /* Info.plist */ = {isa = PBXFileReference; lastKnownFileType = text.plist.xml; path = Info.plist; sourceTree = "<group>"; };
/* End PBXFileReference section */

/* Begin PBXFrameworksBuildPhase section */
		0B90F36E1C48319B00B8C6BD /* Frameworks */ = {
			isa = PBXFrameworksBuildPhase;
			buildActionMask = 2147483647;
			files = (
			);
			runOnlyForDeploymentPostprocessing = 0;
		};
		0B90F3841C48319C00B8C6BD /* Frameworks */ = {
			isa = PBXFrameworksBuildPhase;
			buildActionMask = 2147483647;
			files = (
			);
			runOnlyForDeploymentPostprocessing = 0;
		};
		0B90F38F1C48319C00B8C6BD /* Frameworks */ = {
			isa = PBXFrameworksBuildPhase;
			buildActionMask = 2147483647;
			files = (
			);
			runOnlyForDeploymentPostprocessing = 0;
		};
/* End PBXFrameworksBuildPhase section */

/* Begin PBXGroup section */
		0B90F3681C48319B00B8C6BD = {
			isa = PBXGroup;
			children = (
				0B90F3731C48319B00B8C6BD /* To Do List */,
				0B90F38A1C48319C00B8C6BD /* To Do ListTests */,
				0B90F3951C48319C00B8C6BD /* To Do ListUITests */,
				0B90F3721C48319B00B8C6BD /* Products */,
			);
			sourceTree = "<group>";
		};
		0B90F3721C48319B00B8C6BD /* Products */ = {
			isa = PBXGroup;
			children = (
				0B90F3711C48319B00B8C6BD /* To Do List.app */,
				0B90F3871C48319C00B8C6BD /* To Do ListTests.xctest */,
				0B90F3921C48319C00B8C6BD /* To Do ListUITests.xctest */,
			);
			name = Products;
			sourceTree = "<group>";
		};
		0B90F3731C48319B00B8C6BD /* To Do List */ = {
			isa = PBXGroup;
			children = (
				0B90F3741C48319B00B8C6BD /* AppDelegate.swift */,
				0B90F3761C48319B00B8C6BD /* FirstViewController.swift */,
				0B90F3781C48319B00B8C6BD /* SecondViewController.swift */,
				0B90F37A1C48319B00B8C6BD /* Main.storyboard */,
				0B90F37D1C48319B00B8C6BD /* Assets.xcassets */,
				0B90F37F1C48319B00B8C6BD /* LaunchScreen.storyboard */,
				0B90F3821C48319B00B8C6BD /* Info.plist */,
			);
			path = "To Do List";
			sourceTree = "<group>";
		};
		0B90F38A1C48319C00B8C6BD /* To Do ListTests */ = {
			isa = PBXGroup;
			children = (
				0B90F38B1C48319C00B8C6BD /* To_Do_ListTests.swift */,
				0B90F38D1C48319C00B8C6BD /* Info.plist */,
			);
			path = "To Do ListTests";
			sourceTree = "<group>";
		};
		0B90F3951C48319C00B8C6BD /* To Do ListUITests */ = {
			isa = PBXGroup;
			children = (
				0B90F3961C48319C00B8C6BD /* To_Do_ListUITests.swift */,
				0B90F3981C48319C00B8C6BD /* Info.plist */,
			);
			path = "To Do ListUITests";
			sourceTree = "<group>";
		};
/* End PBXGroup section */

/* Begin PBXNativeTarget section */
		0B90F3701C48319B00B8C6BD /* To Do List */ = {
			isa = PBXNativeTarget;
			buildConfigurationList = 0B90F39B1C48319C00B8C6BD /* Build configuration list for PBXNativeTarget "To Do List" */;
			buildPhases = (
				0B90F36D1C48319B00B8C6BD /* Sources */,
				0B90F36E1C48319B00B8C6BD /* Frameworks */,
				0B90F36F1C48319B00B8C6BD /* Resources */,
			);
			buildRules = (
			);
			dependencies = (
			);
			name = "To Do List";
			productName = "To Do List";
			productReference = 0B90F3711C48319B00B8C6BD /* To Do List.app */;
			productType = "com.apple.product-type.application";
		};
		0B90F3861C48319C00B8C6BD /* To Do ListTests */ = {
			isa = PBXNativeTarget;
			buildConfigurationList = 0B90F39E1C48319C00B8C6BD /* Build configuration list for PBXNativeTarget "To Do ListTests" */;
			buildPhases = (
				0B90F3831C48319C00B8C6BD /* Sources */,
				0B90F3841C48319C00B8C6BD /* Frameworks */,
				0B90F3851C48319C00B8C6BD /* Resources */,
			);
			buildRules = (
			);
			dependencies = (
				0B90F3891C48319C00B8C6BD /* PBXTargetDependency */,
			);
			name = "To Do ListTests";
			productName = "To Do ListTests";
			productReference = 0B90F3871C48319C00B8C6BD /* To Do ListTests.xctest */;
			productType = "com.apple.product-type.bundle.unit-test";
		};
		0B90F3911C48319C00B8C6BD /* To Do ListUITests */ = {
			isa = PBXNativeTarget;
			buildConfigurationList = 0B90F3A11C48319C00B8C6BD /* Build configuration list for PBXNativeTarget "To Do ListUITests" */;
			buildPhases = (
				0B90F38E1C48319C00B8C6BD /* Sources */,
				0B90F38F1C48319C00B8C6BD /* Frameworks */,
				0B90F3901C48319C00B8C6BD /* Resources */,
			);
			buildRules = (
			);
			dependencies = (
				0B90F3941C48319C00B8C6BD /* PBXTargetDependency */,
			);
			name = "To Do ListUITests";
			productName = "To Do ListUITests";
			productReference = 0B90F3921C48319C00B8C6BD /* To Do ListUITests.xctest */;
			productType = "com.apple.product-type.bundle.ui-testing";
		};
/* End PBXNativeTarget section */

/* Begin PBXProject section */
		0B90F3691C48319B00B8C6BD /* Project object */ = {
			isa = PBXProject;
			attributes = {
				LastSwiftUpdateCheck = 0720;
				LastUpgradeCheck = 0720;
				ORGANIZATIONNAME = "Kyra Drake";
				TargetAttributes = {
					0B90F3701C48319B00B8C6BD = {
						CreatedOnToolsVersion = 7.2;
					};
					0B90F3861C48319C00B8C6BD = {
						CreatedOnToolsVersion = 7.2;
						TestTargetID = 0B90F3701C48319B00B8C6BD;
					};
					0B90F3911C48319C00B8C6BD = {
						CreatedOnToolsVersion = 7.2;
						TestTargetID = 0B90F3701C48319B00B8C6BD;
					};
				};
			};
			buildConfigurationList = 0B90F36C1C48319B00B8C6BD /* Build configuration list for PBXProject "To Do List" */;
			compatibilityVersion = "Xcode 3.2";
			developmentRegion = English;
			hasScannedForEncodings = 0;
			knownRegions = (
				en,
				Base,
			);
			mainGroup = 0B90F3681C48319B00B8C6BD;
			productRefGroup = 0B90F3721C48319B00B8C6BD /* Products */;
			projectDirPath = "";
			projectRoot = "";
			targets = (
				0B90F3701C48319B00B8C6BD /* To Do List */,
				0B90F3861C48319C00B8C6BD /* To Do ListTests */,
				0B90F3911C48319C00B8C6BD /* To Do ListUITests */,
			);
		};
/* End PBXProject section */

/* Begin PBXResourcesBuildPhase section */
		0B90F36F1C48319B00B8C6BD /* Resources */ = {
			isa = PBXResourcesBuildPhase;
			buildActionMask = 2147483647;
			files = (
				0B90F3811C48319B00B8C6BD /* LaunchScreen.storyboard in Resources */,
				0B90F37E1C48319B00B8C6BD /* Assets.xcassets in Resources */,
				0B90F37C1C48319B00B8C6BD /* Main.storyboard in Resources */,
			);
			runOnlyForDeploymentPostprocessing = 0;
		};
		0B90F3851C48319C00B8C6BD /* Resources */ = {
			isa = PBXResourcesBuildPhase;
			buildActionMask = 2147483647;
			files = (
			);
			runOnlyForDeploymentPostprocessing = 0;
		};
		0B90F3901C48319C00B8C6BD /* Resources */ = {
			isa = PBXResourcesBuildPhase;
			buildActionMask = 2147483647;
			files = (
			);
			runOnlyForDeploymentPostprocessing = 0;
		};
/* End PBXResourcesBuildPhase section */

/* Begin PBXSourcesBuildPhase section */
		0B90F36D1C48319B00B8C6BD /* Sources */ = {
			isa = PBXSourcesBuildPhase;
			buildActionMask = 2147483647;
			files = (
				0B90F3791C48319B00B8C6BD /* SecondViewController.swift in Sources */,
				0B90F3751C48319B00B8C6BD /* AppDelegate.swift in Sources */,
				0B90F3771C48319B00B8C6BD /* FirstViewController.swift in Sources */,
			);
			runOnlyForDeploymentPostprocessing = 0;
		};
		0B90F3831C48319C00B8C6BD /* Sources */ = {
			isa = PBXSourcesBuildPhase;
			buildActionMask = 2147483647;
			files = (
				0B90F38C1C48319C00B8C6BD /* To_Do_ListTests.swift in Sources */,
			);
			runOnlyForDeploymentPostprocessing = 0;
		};
		0B90F38E1C48319C00B8C6BD /* Sources */ = {
			isa = PBXSourcesBuildPhase;
			buildActionMask = 2147483647;
			files = (
				0B90F3971C48319C00B8C6BD /* To_Do_ListUITests.swift in Sources */,
			);
			runOnlyForDeploymentPostprocessing = 0;
		};
/* End PBXSourcesBuildPhase section */

/* Begin PBXTargetDependency section */
		0B90F3891C48319C00B8C6BD /* PBXTargetDependency */ = {
			isa = PBXTargetDependency;
			target = 0B90F3701C48319B00B8C6BD /* To Do List */;
			targetProxy = 0B90F3881C48319C00B8C6BD /* PBXContainerItemProxy */;
		};
		0B90F3941C48319C00B8C6BD /* PBXTargetDependency */ = {
			isa = PBXTargetDependency;
			target = 0B90F3701C48319B00B8C6BD /* To Do List */;
			targetProxy = 0B90F3931C48319C00B8C6BD /* PBXContainerItemProxy */;
		};
/* End PBXTargetDependency section */

/* Begin PBXVariantGroup section */
		0B90F37A1C48319B00B8C6BD /* Main.storyboard */ = {
			isa = PBXVariantGroup;
			children = (
				0B90F37B1C48319B00B8C6BD /* Base */,
			);
			name = Main.storyboard;
			sourceTree = "<group>";
		};
		0B90F37F1C48319B00B8C6BD /* LaunchScreen.storyboard */ = {
			isa = PBXVariantGroup;
			children = (
				0B90F3801C48319B00B8C6BD /* Base */,
			);
			name = LaunchScreen.storyboard;
			sourceTree = "<group>";
		};
/* End PBXVariantGroup section */

/* Begin XCBuildConfiguration section */
		0B90F3991C48319C00B8C6BD /* Debug */ = {
			isa = XCBuildConfiguration;
			buildSettings = {
				ALWAYS_SEARCH_USER_PATHS = NO;
				CLANG_CXX_LANGUAGE_STANDARD = "gnu++0x";
				CLANG_CXX_LIBRARY = "libc++";
				CLANG_ENABLE_MODULES = YES;
				CLANG_ENABLE_OBJC_ARC = YES;
				CLANG_WARN_BOOL_CONVERSION = YES;
				CLANG_WARN_CONSTANT_CONVERSION = YES;
				CLANG_WARN_DIRECT_OBJC_ISA_USAGE = YES_ERROR;
				CLANG_WARN_EMPTY_BODY = YES;
				CLANG_WARN_ENUM_CONVERSION = YES;
				CLANG_WARN_INT_CONVERSION = YES;
				CLANG_WARN_OBJC_ROOT_CLASS = YES_ERROR;
				CLANG_WARN_UNREACHABLE_CODE = YES;
				CLANG_WARN__DUPLICATE_METHOD_MATCH = YES;
				"CODE_SIGN_IDENTITY[sdk=iphoneos*]" = "iPhone Developer";
				COPY_PHASE_STRIP = NO;
				DEBUG_INFORMATION_FORMAT = dwarf;
				ENABLE_STRICT_OBJC_MSGSEND = YES;
				ENABLE_TESTABILITY = YES;
				GCC_C_LANGUAGE_STANDARD = gnu99;
				GCC_DYNAMIC_NO_PIC = NO;
				GCC_NO_COMMON_BLOCKS = YES;
				GCC_OPTIMIZATION_LEVEL = 0;
				GCC_PREPROCESSOR_DEFINITIONS = (
					"DEBUG=1",
					"$(inherited)",
				);
				GCC_WARN_64_TO_32_BIT_CONVERSION = YES;
				GCC_WARN_ABOUT_RETURN_TYPE = YES_ERROR;
				GCC_WARN_UNDECLARED_SELECTOR = YES;
				GCC_WARN_UNINITIALIZED_AUTOS = YES_AGGRESSIVE;
				GCC_WARN_UNUSED_FUNCTION = YES;
				GCC_WARN_UNUSED_VARIABLE = YES;
				IPHONEOS_DEPLOYMENT_TARGET = 9.2;
				MTL_ENABLE_DEBUG_INFO = YES;
				ONLY_ACTIVE_ARCH = YES;
				SDKROOT = iphoneos;
				SWIFT_OPTIMIZATION_LEVEL = "-Onone";
			};
			name = Debug;
		};
		0B90F39A1C48319C00B8C6BD /* Release */ = {
			isa = XCBuildConfiguration;
			buildSettings = {
				ALWAYS_SEARCH_USER_PATHS = NO;
				CLANG_CXX_LANGUAGE_STANDARD = "gnu++0x";
				CLANG_CXX_LIBRARY = "libc++";
				CLANG_ENABLE_MODULES = YES;
				CLANG_ENABLE_OBJC_ARC = YES;
				CLANG_WARN_BOOL_CONVERSION = YES;
				CLANG_WARN_CONSTANT_CONVERSION = YES;
				CLANG_WARN_DIRECT_OBJC_ISA_USAGE = YES_ERROR;
				CLANG_WARN_EMPTY_BODY = YES;
				CLANG_WARN_ENUM_CONVERSION = YES;
				CLANG_WARN_INT_CONVERSION = YES;
				CLANG_WARN_OBJC_ROOT_CLASS = YES_ERROR;
				CLANG_WARN_UNREACHABLE_CODE = YES;
				CLANG_WARN__DUPLICATE_METHOD_MATCH = YES;
				"CODE_SIGN_IDENTITY[sdk=iphoneos*]" = "iPhone Developer";
				COPY_PHASE_STRIP = NO;
				DEBUG_INFORMATION_FORMAT = "dwarf-with-dsym";
				ENABLE_NS_ASSERTIONS = NO;
				ENABLE_STRICT_OBJC_MSGSEND = YES;
				GCC_C_LANGUAGE_STANDARD = gnu99;
				GCC_NO_COMMON_BLOCKS = YES;
				GCC_WARN_64_TO_32_BIT_CONVERSION = YES;
				GCC_WARN_ABOUT_RETURN_TYPE = YES_ERROR;
				GCC_WARN_UNDECLARED_SELECTOR = YES;
				GCC_WARN_UNINITIALIZED_AUTOS = YES_AGGRESSIVE;
				GCC_WARN_UNUSED_FUNCTION = YES;
				GCC_WARN_UNUSED_VARIABLE = YES;
				IPHONEOS_DEPLOYMENT_TARGET = 9.2;
				MTL_ENABLE_DEBUG_INFO = NO;
				SDKROOT = iphoneos;
				VALIDATE_PRODUCT = YES;
			};
			name = Release;
		};
		0B90F39C1C48319C00B8C6BD /* Debug */ = {
			isa = XCBuildConfiguration;
			buildSettings = {
				ASSETCATALOG_COMPILER_APPICON_NAME = AppIcon;
				INFOPLIST_FILE = "To Do List/Info.plist";
				LD_RUNPATH_SEARCH_PATHS = "$(inherited) @executable_path/Frameworks";
				PRODUCT_BUNDLE_IDENTIFIER = "com.kyradrake.To-Do-List";
				PRODUCT_NAME = "$(TARGET_NAME)";
			};
			name = Debug;
		};
		0B90F39D1C48319C00B8C6BD /* Release */ = {
			isa = XCBuildConfiguration;
			buildSettings = {
				ASSETCATALOG_COMPILER_APPICON_NAME = AppIcon;
				INFOPLIST_FILE = "To Do List/Info.plist";
				LD_RUNPATH_SEARCH_PATHS = "$(inherited) @executable_path/Frameworks";
				PRODUCT_BUNDLE_IDENTIFIER = "com.kyradrake.To-Do-List";
				PRODUCT_NAME = "$(TARGET_NAME)";
			};
			name = Release;
		};
		0B90F39F1C48319C00B8C6BD /* Debug */ = {
			isa = XCBuildConfiguration;
			buildSettings = {
				BUNDLE_LOADER = "$(TEST_HOST)";
				INFOPLIST_FILE = "To Do ListTests/Info.plist";
				LD_RUNPATH_SEARCH_PATHS = "$(inherited) @executable_path/Frameworks @loader_path/Frameworks";
				PRODUCT_BUNDLE_IDENTIFIER = "com.kyradrake.To-Do-ListTests";
				PRODUCT_NAME = "$(TARGET_NAME)";
				TEST_HOST = "$(BUILT_PRODUCTS_DIR)/To Do List.app/To Do List";
			};
			name = Debug;
		};
		0B90F3A01C48319C00B8C6BD /* Release */ = {
			isa = XCBuildConfiguration;
			buildSettings = {
				BUNDLE_LOADER = "$(TEST_HOST)";
				INFOPLIST_FILE = "To Do ListTests/Info.plist";
				LD_RUNPATH_SEARCH_PATHS = "$(inherited) @executable_path/Frameworks @loader_path/Frameworks";
				PRODUCT_BUNDLE_IDENTIFIER = "com.kyradrake.To-Do-ListTests";
				PRODUCT_NAME = "$(TARGET_NAME)";
				TEST_HOST = "$(BUILT_PRODUCTS_DIR)/To Do List.app/To Do List";
			};
			name = Release;
		};
		0B90F3A21C48319C00B8C6BD /* Debug */ = {
			isa = XCBuildConfiguration;
			buildSettings = {
				INFOPLIST_FILE = "To Do ListUITests/Info.plist";
				LD_RUNPATH_SEARCH_PATHS = "$(inherited) @executable_path/Frameworks @loader_path/Frameworks";
				PRODUCT_BUNDLE_IDENTIFIER = "com.kyradrake.To-Do-ListUITests";
				PRODUCT_NAME = "$(TARGET_NAME)";
				TEST_TARGET_NAME = "To Do List";
				USES_XCTRUNNER = YES;
			};
			name = Debug;
		};
		0B90F3A31C48319C00B8C6BD /* Release */ = {
			isa = XCBuildConfiguration;
			buildSettings = {
				INFOPLIST_FILE = "To Do ListUITests/Info.plist";
				LD_RUNPATH_SEARCH_PATHS = "$(inherited) @executable_path/Frameworks @loader_path/Frameworks";
				PRODUCT_BUNDLE_IDENTIFIER = "com.kyradrake.To-Do-ListUITests";
				PRODUCT_NAME = "$(TARGET_NAME)";
				TEST_TARGET_NAME = "To Do List";
				USES_XCTRUNNER = YES;
			};
			name = Release;
		};
/* End XCBuildConfiguration section */

/* Begin XCConfigurationList section */
		0B90F36C1C48319B00B8C6BD /* Build configuration list for PBXProject "To Do List" */ = {
			isa = XCConfigurationList;
			buildConfigurations = (
				0B90F3991C48319C00B8C6BD /* Debug */,
				0B90F39A1C48319C00B8C6BD /* Release */,
			);
			defaultConfigurationIsVisible = 0;
			defaultConfigurationName = Release;
		};
		0B90F39B1C48319C00B8C6BD /* Build configuration list for PBXNativeTarget "To Do List" */ = {
			isa = XCConfigurationList;
			buildConfigurations = (
				0B90F39C1C48319C00B8C6BD /* Debug */,
				0B90F39D1C48319C00B8C6BD /* Release */,
			);
			defaultConfigurationIsVisible = 0;
		};
		0B90F39E1C48319C00B8C6BD /* Build configuration list for PBXNativeTarget "To Do ListTests" */ = {
			isa = XCConfigurationList;
			buildConfigurations = (
				0B90F39F1C48319C00B8C6BD /* Debug */,
				0B90F3A01C48319C00B8C6BD /* Release */,
			);
			defaultConfigurationIsVisible = 0;
		};
		0B90F3A11C48319C00B8C6BD /* Build configuration list for PBXNativeTarget "To Do ListUITests" */ = {
			isa = XCConfigurationList;
			buildConfigurations = (
				0B90F3A21C48319C00B8C6BD /* Debug */,
				0B90F3A31C48319C00B8C6BD /* Release */,
			);
			defaultConfigurationIsVisible = 0;
		};
/* End XCConfigurationList section */
	};
	rootObject = 0B90F3691C48319B00B8C6BD /* Project object */;
}
